
Microsoft Visual Studio Solution File, Format Version 12.00
# Visual Studio Version 16
VisualStudioVersion = 16.0.28407.52
MinimumVisualStudioVersion = 10.0.40219.1
Project("{FAE04EC0-301F-11D3-BF4B-00C04F79EFBC}") = "Cs8Vs2019P1", "Cs8Vs2019P1\Cs8Vs2019P1.csproj", "{B60D1A84-5DD7-4A94-8537-B5797B1D504F}"
EndProject
Global
	GlobalSection(SolutionConfigurationPlatforms) = preSolution
		Debug|Any CPU = Debug|Any CPU
		Release|Any CPU = Release|Any CPU
	EndGlobalSection
	GlobalSection(ProjectConfigurationPlatforms) = postSolution
		{B60D1A84-5DD7-4A94-8537-B5797B1D504F}.Debug|Any CPU.ActiveCfg = Debug|Any CPU
		{B60D1A84-5DD7-4A94-8537-B5797B1D504F}.Debug|Any CPU.Build.0 = Debug|Any CPU
		{B60D1A84-5DD7-4A94-8537-B5797B1D504F}.Release|Any CPU.ActiveCfg = Release|Any CPU
		{B60D1A84-5DD7-4A94-8537-B5797B1D504F}.Release|Any CPU.Build.0 = Release|Any CPU
	EndGlobalSection
	GlobalSection(SolutionProperties) = preSolution
		HideSolutionNode = FALSE
	EndGlobalSection
	GlobalSection(ExtensibilityGlobals) = postSolution
		SolutionGuid = {E735516C-88C5-4CD4-9004-32EC86387DE3}
	EndGlobalSection
EndGlobal
